
Microsoft Visual Studio Solution File, Format Version 12.00
# Visual Studio 14
VisualStudioVersion = 14.0.25420.1
MinimumVisualStudioVersion = 10.0.40219.1
Project("{FAE04EC0-301F-11D3-BF4B-00C04F79EFBC}") = "ToDoListApp", "ToDoListApp\ToDoListApp\ToDoListApp.csproj", "{FF6F32E1-6036-4563-BCE2-3401DCE0CF6F}"
EndProject
Project("{FAE04EC0-301F-11D3-BF4B-00C04F79EFBC}") = "ToDoListApp.Droid", "ToDoListApp\ToDoListApp.Droid\ToDoListApp.Droid.csproj", "{9A05FD8F-2677-42A0-BCE9-583A83B0758B}"
EndProject
Project("{FAE04EC0-301F-11D3-BF4B-00C04F79EFBC}") = "ToDoListApp.iOS", "ToDoListApp\ToDoListApp.iOS\ToDoListApp.iOS.csproj", "{AB5635CB-A3E6-41B6-8FBE-27717FD4163F}"
EndProject
Project("{FAE04EC0-301F-11D3-BF4B-00C04F79EFBC}") = "ToDoListApp.WinPhone", "ToDoListApp\ToDoListApp.WinPhone\ToDoListApp.WinPhone.csproj", "{A863D033-69BD-4018-8AE6-9ADF66EDEF07}"
EndProject
Project("{FAE04EC0-301F-11D3-BF4B-00C04F79EFBC}") = "ToDoListApp.Windows", "ToDoListApp\ToDoListApp.Windows\ToDoListApp.Windows.csproj", "{EF24F520-0E1E-4ABD-B4A0-08EF5CFBE404}"
EndProject
Global
	GlobalSection(SolutionConfigurationPlatforms) = preSolution
		Ad-Hoc|Any CPU = Ad-Hoc|Any CPU
		Ad-Hoc|ARM = Ad-Hoc|ARM
		Ad-Hoc|iPhone = Ad-Hoc|iPhone
		Ad-Hoc|iPhoneSimulator = Ad-Hoc|iPhoneSimulator
		Ad-Hoc|x64 = Ad-Hoc|x64
		Ad-Hoc|x86 = Ad-Hoc|x86
		AppStore|Any CPU = AppStore|Any CPU
		AppStore|ARM = AppStore|ARM
		AppStore|iPhone = AppStore|iPhone
		AppStore|iPhoneSimulator = AppStore|iPhoneSimulator
		AppStore|x64 = AppStore|x64
		AppStore|x86 = AppStore|x86
		Debug|Any CPU = Debug|Any CPU
		Debug|ARM = Debug|ARM
		Debug|iPhone = Debug|iPhone
		Debug|iPhoneSimulator = Debug|iPhoneSimulator
		Debug|x64 = Debug|x64
		Debug|x86 = Debug|x86
		Release|Any CPU = Release|Any CPU
		Release|ARM = Release|ARM
		Release|iPhone = Release|iPhone
		Release|iPhoneSimulator = Release|iPhoneSimulator
		Release|x64 = Release|x64
		Release|x86 = Release|x86
	EndGlobalSection
	GlobalSection(ProjectConfigurationPlatforms) = postSolution
		{FF6F32E1-6036-4563-BCE2-3401DCE0CF6F}.Ad-Hoc|Any CPU.ActiveCfg = Release|Any CPU
		{FF6F32E1-6036-4563-BCE2-3401DCE0CF6F}.Ad-Hoc|Any CPU.Build.0 = Release|Any CPU
		{FF6F32E1-6036-4563-BCE2-3401DCE0CF6F}.Ad-Hoc|ARM.ActiveCfg = Release|Any CPU
		{FF6F32E1-6036-4563-BCE2-3401DCE0CF6F}.Ad-Hoc|ARM.Build.0 = Release|Any CPU
		{FF6F32E1-6036-4563-BCE2-3401DCE0CF6F}.Ad-Hoc|iPhone.ActiveCfg = Release|Any CPU
		{FF6F32E1-6036-4563-BCE2-3401DCE0CF6F}.Ad-Hoc|iPhone.Build.0 = Release|Any CPU
		{FF6F32E1-6036-4563-BCE2-3401DCE0CF6F}.Ad-Hoc|iPhoneSimulator.ActiveCfg = Release|Any CPU
		{FF6F32E1-6036-4563-BCE2-3401DCE0CF6F}.Ad-Hoc|iPhoneSimulator.Build.0 = Release|Any CPU
		{FF6F32E1-6036-4563-BCE2-3401DCE0CF6F}.Ad-Hoc|x64.ActiveCfg = Release|Any CPU
		{FF6F32E1-6036-4563-BCE2-3401DCE0CF6F}.Ad-Hoc|x64.Build.0 = Release|Any CPU
		{FF6F32E1-6036-4563-BCE2-3401DCE0CF6F}.Ad-Hoc|x86.ActiveCfg = Release|Any CPU
		{FF6F32E1-6036-4563-BCE2-3401DCE0CF6F}.Ad-Hoc|x86.Build.0 = Release|Any CPU
		{FF6F32E1-6036-4563-BCE2-3401DCE0CF6F}.AppStore|Any CPU.ActiveCfg = Release|Any CPU
		{FF6F32E1-6036-4563-BCE2-3401DCE0CF6F}.AppStore|Any CPU.Build.0 = Release|Any CPU
		{FF6F32E1-6036-4563-BCE2-3401DCE0CF6F}.AppStore|ARM.ActiveCfg = Release|Any CPU
		{FF6F32E1-6036-4563-BCE2-3401DCE0CF6F}.AppStore|ARM.Build.0 = Release|Any CPU
		{FF6F32E1-6036-4563-BCE2-3401DCE0CF6F}.AppStore|iPhone.ActiveCfg = Release|Any CPU
		{FF6F32E1-6036-4563-BCE2-3401DCE0CF6F}.AppStore|iPhone.Build.0 = Release|Any CPU
		{FF6F32E1-6036-4563-BCE2-3401DCE0CF6F}.AppStore|iPhoneSimulator.ActiveCfg = Release|Any CPU
		{FF6F32E1-6036-4563-BCE2-3401DCE0CF6F}.AppStore|iPhoneSimulator.Build.0 = Release|Any CPU
		{FF6F32E1-6036-4563-BCE2-3401DCE0CF6F}.AppStore|x64.ActiveCfg = Release|Any CPU
		{FF6F32E1-6036-4563-BCE2-3401DCE0CF6F}.AppStore|x64.Build.0 = Release|Any CPU
		{FF6F32E1-6036-4563-BCE2-3401DCE0CF6F}.AppStore|x86.ActiveCfg = Release|Any CPU
		{FF6F32E1-6036-4563-BCE2-3401DCE0CF6F}.AppStore|x86.Build.0 = Release|Any CPU
		{FF6F32E1-6036-4563-BCE2-3401DCE0CF6F}.Debug|Any CPU.ActiveCfg = Debug|Any CPU
		{FF6F32E1-6036-4563-BCE2-3401DCE0CF6F}.Debug|Any CPU.Build.0 = Debug|Any CPU
		{FF6F32E1-6036-4563-BCE2-3401DCE0CF6F}.Debug|ARM.ActiveCfg = Debug|Any CPU
		{FF6F32E1-6036-4563-BCE2-3401DCE0CF6F}.Debug|ARM.Build.0 = Debug|Any CPU
		{FF6F32E1-6036-4563-BCE2-3401DCE0CF6F}.Debug|iPhone.ActiveCfg = Debug|Any CPU
		{FF6F32E1-6036-4563-BCE2-3401DCE0CF6F}.Debug|iPhone.Build.0 = Debug|Any CPU
		{FF6F32E1-6036-4563-BCE2-3401DCE0CF6F}.Debug|iPhoneSimulator.ActiveCfg = Debug|Any CPU
		{FF6F32E1-6036-4563-BCE2-3401DCE0CF6F}.Debug|iPhoneSimulator.Build.0 = Debug|Any CPU
		{FF6F32E1-6036-4563-BCE2-3401DCE0CF6F}.Debug|x64.ActiveCfg = Debug|Any CPU
		{FF6F32E1-6036-4563-BCE2-3401DCE0CF6F}.Debug|x64.Build.0 = Debug|Any CPU
		{FF6F32E1-6036-4563-BCE2-3401DCE0CF6F}.Debug|x86.ActiveCfg = Debug|Any CPU
		{FF6F32E1-6036-4563-BCE2-3401DCE0CF6F}.Debug|x86.Build.0 = Debug|Any CPU
		{FF6F32E1-6036-4563-BCE2-3401DCE0CF6F}.Release|Any CPU.ActiveCfg = Release|Any CPU
		{FF6F32E1-6036-4563-BCE2-3401DCE0CF6F}.Release|Any CPU.Build.0 = Release|Any CPU
		{FF6F32E1-6036-4563-BCE2-3401DCE0CF6F}.Release|ARM.ActiveCfg = Release|Any CPU
		{FF6F32E1-6036-4563-BCE2-3401DCE0CF6F}.Release|ARM.Build.0 = Release|Any CPU
		{FF6F32E1-6036-4563-BCE2-3401DCE0CF6F}.Release|iPhone.ActiveCfg = Release|Any CPU
		{FF6F32E1-6036-4563-BCE2-3401DCE0CF6F}.Release|iPhone.Build.0 = Release|Any CPU
		{FF6F32E1-6036-4563-BCE2-3401DCE0CF6F}.Release|iPhoneSimulator.ActiveCfg = Release|Any CPU
		{FF6F32E1-6036-4563-BCE2-3401DCE0CF6F}.Release|iPhoneSimulator.Build.0 = Release|Any CPU
		{FF6F32E1-6036-4563-BCE2-3401DCE0CF6F}.Release|x64.ActiveCfg = Release|Any CPU
		{FF6F32E1-6036-4563-BCE2-3401DCE0CF6F}.Release|x64.Build.0 = Release|Any CPU
		{FF6F32E1-6036-4563-BCE2-3401DCE0CF6F}.Release|x86.ActiveCfg = Release|Any CPU
		{FF6F32E1-6036-4563-BCE2-3401DCE0CF6F}.Release|x86.Build.0 = Release|Any CPU
		{9A05FD8F-2677-42A0-BCE9-583A83B0758B}.Ad-Hoc|Any CPU.ActiveCfg = Release|Any CPU
		{9A05FD8F-2677-42A0-BCE9-583A83B0758B}.Ad-Hoc|Any CPU.Build.0 = Release|Any CPU
		{9A05FD8F-2677-42A0-BCE9-583A83B0758B}.Ad-Hoc|Any CPU.Deploy.0 = Release|Any CPU
		{9A05FD8F-2677-42A0-BCE9-583A83B0758B}.Ad-Hoc|ARM.ActiveCfg = Release|Any CPU
		{9A05FD8F-2677-42A0-BCE9-583A83B0758B}.Ad-Hoc|ARM.Build.0 = Release|Any CPU
		{9A05FD8F-2677-42A0-BCE9-583A83B0758B}.Ad-Hoc|ARM.Deploy.0 = Release|Any CPU
		{9A05FD8F-2677-42A0-BCE9-583A83B0758B}.Ad-Hoc|iPhone.ActiveCfg = Release|Any CPU
		{9A05FD8F-2677-42A0-BCE9-583A83B0758B}.Ad-Hoc|iPhone.Build.0 = Release|Any CPU
		{9A05FD8F-2677-42A0-BCE9-583A83B0758B}.Ad-Hoc|iPhone.Deploy.0 = Release|Any CPU
		{9A05FD8F-2677-42A0-BCE9-583A83B0758B}.Ad-Hoc|iPhoneSimulator.ActiveCfg = Release|Any CPU
		{9A05FD8F-2677-42A0-BCE9-583A83B0758B}.Ad-Hoc|iPhoneSimulator.Build.0 = Release|Any CPU
		{9A05FD8F-2677-42A0-BCE9-583A83B0758B}.Ad-Hoc|iPhoneSimulator.Deploy.0 = Release|Any CPU
		{9A05FD8F-2677-42A0-BCE9-583A83B0758B}.Ad-Hoc|x64.ActiveCfg = Release|Any CPU
		{9A05FD8F-2677-42A0-BCE9-583A83B0758B}.Ad-Hoc|x64.Build.0 = Release|Any CPU
		{9A05FD8F-2677-42A0-BCE9-583A83B0758B}.Ad-Hoc|x64.Deploy.0 = Release|Any CPU
		{9A05FD8F-2677-42A0-BCE9-583A83B0758B}.Ad-Hoc|x86.ActiveCfg = Release|Any CPU
		{9A05FD8F-2677-42A0-BCE9-583A83B0758B}.Ad-Hoc|x86.Build.0 = Release|Any CPU
		{9A05FD8F-2677-42A0-BCE9-583A83B0758B}.Ad-Hoc|x86.Deploy.0 = Release|Any CPU
		{9A05FD8F-2677-42A0-BCE9-583A83B0758B}.AppStore|Any CPU.ActiveCfg = Release|Any CPU
		{9A05FD8F-2677-42A0-BCE9-583A83B0758B}.AppStore|Any CPU.Build.0 = Release|Any CPU
		{9A05FD8F-2677-42A0-BCE9-583A83B0758B}.AppStore|Any CPU.Deploy.0 = Release|Any CPU
		{9A05FD8F-2677-42A0-BCE9-583A83B0758B}.AppStore|ARM.ActiveCfg = Release|Any CPU
		{9A05FD8F-2677-42A0-BCE9-583A83B0758B}.AppStore|ARM.Build.0 = Release|Any CPU
		{9A05FD8F-2677-42A0-BCE9-583A83B0758B}.AppStore|ARM.Deploy.0 = Release|Any CPU
		{9A05FD8F-2677-42A0-BCE9-583A83B0758B}.AppStore|iPhone.ActiveCfg = Release|Any CPU
		{9A05FD8F-2677-42A0-BCE9-583A83B0758B}.AppStore|iPhone.Build.0 = Release|Any CPU
		{9A05FD8F-2677-42A0-BCE9-583A83B0758B}.AppStore|iPhone.Deploy.0 = Release|Any CPU
		{9A05FD8F-2677-42A0-BCE9-583A83B0758B}.AppStore|iPhoneSimulator.ActiveCfg = Release|Any CPU
		{9A05FD8F-2677-42A0-BCE9-583A83B0758B}.AppStore|iPhoneSimulator.Build.0 = Release|Any CPU
		{9A05FD8F-2677-42A0-BCE9-583A83B0758B}.AppStore|iPhoneSimulator.Deploy.0 = Release|Any CPU
		{9A05FD8F-2677-42A0-BCE9-583A83B0758B}.AppStore|x64.ActiveCfg = Release|Any CPU
		{9A05FD8F-2677-42A0-BCE9-583A83B0758B}.AppStore|x64.Build.0 = Release|Any CPU
		{9A05FD8F-2677-42A0-BCE9-583A83B0758B}.AppStore|x64.Deploy.0 = Release|Any CPU
		{9A05FD8F-2677-42A0-BCE9-583A83B0758B}.AppStore|x86.ActiveCfg = Release|Any CPU
		{9A05FD8F-2677-42A0-BCE9-583A83B0758B}.AppStore|x86.Build.0 = Release|Any CPU
		{9A05FD8F-2677-42A0-BCE9-583A83B0758B}.AppStore|x86.Deploy.0 = Release|Any CPU
		{9A05FD8F-2677-42A0-BCE9-583A83B0758B}.Debug|Any CPU.ActiveCfg = Debug|Any CPU
		{9A05FD8F-2677-42A0-BCE9-583A83B0758B}.Debug|Any CPU.Build.0 = Debug|Any CPU
		{9A05FD8F-2677-42A0-BCE9-583A83B0758B}.Debug|Any CPU.Deploy.0 = Debug|Any CPU
		{9A05FD8F-2677-42A0-BCE9-583A83B0758B}.Debug|ARM.ActiveCfg = Debug|Any CPU
		{9A05FD8F-2677-42A0-BCE9-583A83B0758B}.Debug|ARM.Build.0 = Debug|Any CPU
		{9A05FD8F-2677-42A0-BCE9-583A83B0758B}.Debug|ARM.Deploy.0 = Debug|Any CPU
		{9A05FD8F-2677-42A0-BCE9-583A83B0758B}.Debug|iPhone.ActiveCfg = Debug|Any CPU
		{9A05FD8F-2677-42A0-BCE9-583A83B0758B}.Debug|iPhone.Build.0 = Debug|Any CPU
		{9A05FD8F-2677-42A0-BCE9-583A83B0758B}.Debug|iPhone.Deploy.0 = Debug|Any CPU
		{9A05FD8F-2677-42A0-BCE9-583A83B0758B}.Debug|iPhoneSimulator.ActiveCfg = Debug|Any CPU
		{9A05FD8F-2677-42A0-BCE9-583A83B0758B}.Debug|iPhoneSimulator.Build.0 = Debug|Any CPU
		{9A05FD8F-2677-42A0-BCE9-583A83B0758B}.Debug|iPhoneSimulator.Deploy.0 = Debug|Any CPU
		{9A05FD8F-2677-42A0-BCE9-583A83B0758B}.Debug|x64.ActiveCfg = Debug|Any CPU
		{9A05FD8F-2677-42A0-BCE9-583A83B0758B}.Debug|x64.Build.0 = Debug|Any CPU
		{9A05FD8F-2677-42A0-BCE9-583A83B0758B}.Debug|x64.Deploy.0 = Debug|Any CPU
		{9A05FD8F-2677-42A0-BCE9-583A83B0758B}.Debug|x86.ActiveCfg = Debug|Any CPU
		{9A05FD8F-2677-42A0-BCE9-583A83B0758B}.Debug|x86.Build.0 = Debug|Any CPU
		{9A05FD8F-2677-42A0-BCE9-583A83B0758B}.Debug|x86.Deploy.0 = Debug|Any CPU
		{9A05FD8F-2677-42A0-BCE9-583A83B0758B}.Release|Any CPU.ActiveCfg = Release|Any CPU
		{9A05FD8F-2677-42A0-BCE9-583A83B0758B}.Release|Any CPU.Build.0 = Release|Any CPU
		{9A05FD8F-2677-42A0-BCE9-583A83B0758B}.Release|Any CPU.Deploy.0 = Release|Any CPU
		{9A05FD8F-2677-42A0-BCE9-583A83B0758B}.Release|ARM.ActiveCfg = Release|Any CPU
		{9A05FD8F-2677-42A0-BCE9-583A83B0758B}.Release|ARM.Build.0 = Release|Any CPU
		{9A05FD8F-2677-42A0-BCE9-583A83B0758B}.Release|ARM.Deploy.0 = Release|Any CPU
		{9A05FD8F-2677-42A0-BCE9-583A83B0758B}.Release|iPhone.ActiveCfg = Release|Any CPU
		{9A05FD8F-2677-42A0-BCE9-583A83B0758B}.Release|iPhone.Build.0 = Release|Any CPU
		{9A05FD8F-2677-42A0-BCE9-583A83B0758B}.Release|iPhone.Deploy.0 = Release|Any CPU
		{9A05FD8F-2677-42A0-BCE9-583A83B0758B}.Release|iPhoneSimulator.ActiveCfg = Release|Any CPU
		{9A05FD8F-2677-42A0-BCE9-583A83B0758B}.Release|iPhoneSimulator.Build.0 = Release|Any CPU
		{9A05FD8F-2677-42A0-BCE9-583A83B0758B}.Release|iPhoneSimulator.Deploy.0 = Release|Any CPU
		{9A05FD8F-2677-42A0-BCE9-583A83B0758B}.Release|x64.ActiveCfg = Release|Any CPU
		{9A05FD8F-2677-42A0-BCE9-583A83B0758B}.Release|x64.Build.0 = Release|Any CPU
		{9A05FD8F-2677-42A0-BCE9-583A83B0758B}.Release|x64.Deploy.0 = Release|Any CPU
		{9A05FD8F-2677-42A0-BCE9-583A83B0758B}.Release|x86.ActiveCfg = Release|Any CPU
		{9A05FD8F-2677-42A0-BCE9-583A83B0758B}.Release|x86.Build.0 = Release|Any CPU
		{9A05FD8F-2677-42A0-BCE9-583A83B0758B}.Release|x86.Deploy.0 = Release|Any CPU
		{AB5635CB-A3E6-41B6-8FBE-27717FD4163F}.Ad-Hoc|Any CPU.ActiveCfg = Ad-Hoc|iPhone
		{AB5635CB-A3E6-41B6-8FBE-27717FD4163F}.Ad-Hoc|ARM.ActiveCfg = Ad-Hoc|iPhone
		{AB5635CB-A3E6-41B6-8FBE-27717FD4163F}.Ad-Hoc|iPhone.ActiveCfg = Ad-Hoc|iPhone
		{AB5635CB-A3E6-41B6-8FBE-27717FD4163F}.Ad-Hoc|iPhone.Build.0 = Ad-Hoc|iPhone
		{AB5635CB-A3E6-41B6-8FBE-27717FD4163F}.Ad-Hoc|iPhoneSimulator.ActiveCfg = Ad-Hoc|iPhoneSimulator
		{AB5635CB-A3E6-41B6-8FBE-27717FD4163F}.Ad-Hoc|iPhoneSimulator.Build.0 = Ad-Hoc|iPhoneSimulator
		{AB5635CB-A3E6-41B6-8FBE-27717FD4163F}.Ad-Hoc|x64.ActiveCfg = Ad-Hoc|iPhone
		{AB5635CB-A3E6-41B6-8FBE-27717FD4163F}.Ad-Hoc|x86.ActiveCfg = Ad-Hoc|iPhone
		{AB5635CB-A3E6-41B6-8FBE-27717FD4163F}.AppStore|Any CPU.ActiveCfg = AppStore|iPhone
		{AB5635CB-A3E6-41B6-8FBE-27717FD4163F}.AppStore|ARM.ActiveCfg = AppStore|iPhone
		{AB5635CB-A3E6-41B6-8FBE-27717FD4163F}.AppStore|iPhone.ActiveCfg = AppStore|iPhone
		{AB5635CB-A3E6-41B6-8FBE-27717FD4163F}.AppStore|iPhone.Build.0 = AppStore|iPhone
		{AB5635CB-A3E6-41B6-8FBE-27717FD4163F}.AppStore|iPhoneSimulator.ActiveCfg = AppStore|iPhoneSimulator
		{AB5635CB-A3E6-41B6-8FBE-27717FD4163F}.AppStore|iPhoneSimulator.Build.0 = AppStore|iPhoneSimulator
		{AB5635CB-A3E6-41B6-8FBE-27717FD4163F}.AppStore|x64.ActiveCfg = AppStore|iPhone
		{AB5635CB-A3E6-41B6-8FBE-27717FD4163F}.AppStore|x86.ActiveCfg = AppStore|iPhone
		{AB5635CB-A3E6-41B6-8FBE-27717FD4163F}.Debug|Any CPU.ActiveCfg = Debug|iPhone
		{AB5635CB-A3E6-41B6-8FBE-27717FD4163F}.Debug|ARM.ActiveCfg = Debug|iPhone
		{AB5635CB-A3E6-41B6-8FBE-27717FD4163F}.Debug|iPhone.ActiveCfg = Debug|iPhone
		{AB5635CB-A3E6-41B6-8FBE-27717FD4163F}.Debug|iPhone.Build.0 = Debug|iPhone
		{AB5635CB-A3E6-41B6-8FBE-27717FD4163F}.Debug|iPhoneSimulator.ActiveCfg = Debug|iPhoneSimulator
		{AB5635CB-A3E6-41B6-8FBE-27717FD4163F}.Debug|iPhoneSimulator.Build.0 = Debug|iPhoneSimulator
		{AB5635CB-A3E6-41B6-8FBE-27717FD4163F}.Debug|x64.ActiveCfg = Debug|iPhone
		{AB5635CB-A3E6-41B6-8FBE-27717FD4163F}.Debug|x86.ActiveCfg = Debug|iPhone
		{AB5635CB-A3E6-41B6-8FBE-27717FD4163F}.Release|Any CPU.ActiveCfg = Release|iPhone
		{AB5635CB-A3E6-41B6-8FBE-27717FD4163F}.Release|ARM.ActiveCfg = Release|iPhone
		{AB5635CB-A3E6-41B6-8FBE-27717FD4163F}.Release|iPhone.ActiveCfg = Release|iPhone
		{AB5635CB-A3E6-41B6-8FBE-27717FD4163F}.Release|iPhone.Build.0 = Release|iPhone
		{AB5635CB-A3E6-41B6-8FBE-27717FD4163F}.Release|iPhoneSimulator.ActiveCfg = Release|iPhoneSimulator
		{AB5635CB-A3E6-41B6-8FBE-27717FD4163F}.Release|iPhoneSimulator.Build.0 = Release|iPhoneSimulator
		{AB5635CB-A3E6-41B6-8FBE-27717FD4163F}.Release|x64.ActiveCfg = Release|iPhone
		{AB5635CB-A3E6-41B6-8FBE-27717FD4163F}.Release|x86.ActiveCfg = Release|iPhone
		{A863D033-69BD-4018-8AE6-9ADF66EDEF07}.Ad-Hoc|Any CPU.ActiveCfg = Release|Any CPU
		{A863D033-69BD-4018-8AE6-9ADF66EDEF07}.Ad-Hoc|Any CPU.Build.0 = Release|Any CPU
		{A863D033-69BD-4018-8AE6-9ADF66EDEF07}.Ad-Hoc|Any CPU.Deploy.0 = Release|Any CPU
		{A863D033-69BD-4018-8AE6-9ADF66EDEF07}.Ad-Hoc|ARM.ActiveCfg = Release|ARM
		{A863D033-69BD-4018-8AE6-9ADF66EDEF07}.Ad-Hoc|ARM.Build.0 = Release|ARM
		{A863D033-69BD-4018-8AE6-9ADF66EDEF07}.Ad-Hoc|ARM.Deploy.0 = Release|ARM
		{A863D033-69BD-4018-8AE6-9ADF66EDEF07}.Ad-Hoc|iPhone.ActiveCfg = Release|Any CPU
		{A863D033-69BD-4018-8AE6-9ADF66EDEF07}.Ad-Hoc|iPhone.Build.0 = Release|Any CPU
		{A863D033-69BD-4018-8AE6-9ADF66EDEF07}.Ad-Hoc|iPhone.Deploy.0 = Release|Any CPU
		{A863D033-69BD-4018-8AE6-9ADF66EDEF07}.Ad-Hoc|iPhoneSimulator.ActiveCfg = Release|Any CPU
		{A863D033-69BD-4018-8AE6-9ADF66EDEF07}.Ad-Hoc|iPhoneSimulator.Build.0 = Release|Any CPU
		{A863D033-69BD-4018-8AE6-9ADF66EDEF07}.Ad-Hoc|iPhoneSimulator.Deploy.0 = Release|Any CPU
		{A863D033-69BD-4018-8AE6-9ADF66EDEF07}.Ad-Hoc|x64.ActiveCfg = Release|Any CPU
		{A863D033-69BD-4018-8AE6-9ADF66EDEF07}.Ad-Hoc|x64.Build.0 = Release|Any CPU
		{A863D033-69BD-4018-8AE6-9ADF66EDEF07}.Ad-Hoc|x64.Deploy.0 = Release|Any CPU
		{A863D033-69BD-4018-8AE6-9ADF66EDEF07}.Ad-Hoc|x86.ActiveCfg = Release|x86
		{A863D033-69BD-4018-8AE6-9ADF66EDEF07}.Ad-Hoc|x86.Build.0 = Release|x86
		{A863D033-69BD-4018-8AE6-9ADF66EDEF07}.Ad-Hoc|x86.Deploy.0 = Release|x86
		{A863D033-69BD-4018-8AE6-9ADF66EDEF07}.AppStore|Any CPU.ActiveCfg = Release|Any CPU
		{A863D033-69BD-4018-8AE6-9ADF66EDEF07}.AppStore|Any CPU.Build.0 = Release|Any CPU
		{A863D033-69BD-4018-8AE6-9ADF66EDEF07}.AppStore|Any CPU.Deploy.0 = Release|Any CPU
		{A863D033-69BD-4018-8AE6-9ADF66EDEF07}.AppStore|ARM.ActiveCfg = Release|ARM
		{A863D033-69BD-4018-8AE6-9ADF66EDEF07}.AppStore|ARM.Build.0 = Release|ARM
		{A863D033-69BD-4018-8AE6-9ADF66EDEF07}.AppStore|ARM.Deploy.0 = Release|ARM
		{A863D033-69BD-4018-8AE6-9ADF66EDEF07}.AppStore|iPhone.ActiveCfg = Release|Any CPU
		{A863D033-69BD-4018-8AE6-9ADF66EDEF07}.AppStore|iPhone.Build.0 = Release|Any CPU
		{A863D033-69BD-4018-8AE6-9ADF66EDEF07}.AppStore|iPhone.Deploy.0 = Release|Any CPU
		{A863D033-69BD-4018-8AE6-9ADF66EDEF07}.AppStore|iPhoneSimulator.ActiveCfg = Release|Any CPU
		{A863D033-69BD-4018-8AE6-9ADF66EDEF07}.AppStore|iPhoneSimulator.Build.0 = Release|Any CPU
		{A863D033-69BD-4018-8AE6-9ADF66EDEF07}.AppStore|iPhoneSimulator.Deploy.0 = Release|Any CPU
		{A863D033-69BD-4018-8AE6-9ADF66EDEF07}.AppStore|x64.ActiveCfg = Release|Any CPU
		{A863D033-69BD-4018-8AE6-9ADF66EDEF07}.AppStore|x64.Build.0 = Release|Any CPU
		{A863D033-69BD-4018-8AE6-9ADF66EDEF07}.AppStore|x64.Deploy.0 = Release|Any CPU
		{A863D033-69BD-4018-8AE6-9ADF66EDEF07}.AppStore|x86.ActiveCfg = Release|x86
		{A863D033-69BD-4018-8AE6-9ADF66EDEF07}.AppStore|x86.Build.0 = Release|x86
		{A863D033-69BD-4018-8AE6-9ADF66EDEF07}.AppStore|x86.Deploy.0 = Release|x86
		{A863D033-69BD-4018-8AE6-9ADF66EDEF07}.Debug|Any CPU.ActiveCfg = Debug|Any CPU
		{A863D033-69BD-4018-8AE6-9ADF66EDEF07}.Debug|Any CPU.Build.0 = Debug|Any CPU
		{A863D033-69BD-4018-8AE6-9ADF66EDEF07}.Debug|Any CPU.Deploy.0 = Debug|Any CPU
		{A863D033-69BD-4018-8AE6-9ADF66EDEF07}.Debug|ARM.ActiveCfg = Debug|ARM
		{A863D033-69BD-4018-8AE6-9ADF66EDEF07}.Debug|ARM.Build.0 = Debug|ARM
		{A863D033-69BD-4018-8AE6-9ADF66EDEF07}.Debug|ARM.Deploy.0 = Debug|ARM
		{A863D033-69BD-4018-8AE6-9ADF66EDEF07}.Debug|iPhone.ActiveCfg = Debug|Any CPU
		{A863D033-69BD-4018-8AE6-9ADF66EDEF07}.Debug|iPhone.Build.0 = Debug|Any CPU
		{A863D033-69BD-4018-8AE6-9ADF66EDEF07}.Debug|iPhone.Deploy.0 = Debug|Any CPU
		{A863D033-69BD-4018-8AE6-9ADF66EDEF07}.Debug|iPhoneSimulator.ActiveCfg = Debug|Any CPU
		{A863D033-69BD-4018-8AE6-9ADF66EDEF07}.Debug|iPhoneSimulator.Build.0 = Debug|Any CPU
		{A863D033-69BD-4018-8AE6-9ADF66EDEF07}.Debug|iPhoneSimulator.Deploy.0 = Debug|Any CPU
		{A863D033-69BD-4018-8AE6-9ADF66EDEF07}.Debug|x64.ActiveCfg = Debug|Any CPU
		{A863D033-69BD-4018-8AE6-9ADF66EDEF07}.Debug|x64.Build.0 = Debug|Any CPU
		{A863D033-69BD-4018-8AE6-9ADF66EDEF07}.Debug|x64.Deploy.0 = Debug|Any CPU
		{A863D033-69BD-4018-8AE6-9ADF66EDEF07}.Debug|x86.ActiveCfg = Debug|x86
		{A863D033-69BD-4018-8AE6-9ADF66EDEF07}.Debug|x86.Build.0 = Debug|x86
		{A863D033-69BD-4018-8AE6-9ADF66EDEF07}.Debug|x86.Deploy.0 = Debug|x86
		{A863D033-69BD-4018-8AE6-9ADF66EDEF07}.Release|Any CPU.ActiveCfg = Release|Any CPU
		{A863D033-69BD-4018-8AE6-9ADF66EDEF07}.Release|Any CPU.Build.0 = Release|Any CPU
		{A863D033-69BD-4018-8AE6-9ADF66EDEF07}.Release|Any CPU.Deploy.0 = Release|Any CPU
		{A863D033-69BD-4018-8AE6-9ADF66EDEF07}.Release|ARM.ActiveCfg = Release|ARM
		{A863D033-69BD-4018-8AE6-9ADF66EDEF07}.Release|ARM.Build.0 = Release|ARM
		{A863D033-69BD-4018-8AE6-9ADF66EDEF07}.Release|ARM.Deploy.0 = Release|ARM
		{A863D033-69BD-4018-8AE6-9ADF66EDEF07}.Release|iPhone.ActiveCfg = Release|Any CPU
		{A863D033-69BD-4018-8AE6-9ADF66EDEF07}.Release|iPhone.Build.0 = Release|Any CPU
		{A863D033-69BD-4018-8AE6-9ADF66EDEF07}.Release|iPhone.Deploy.0 = Release|Any CPU
		{A863D033-69BD-4018-8AE6-9ADF66EDEF07}.Release|iPhoneSimulator.ActiveCfg = Release|Any CPU
		{A863D033-69BD-4018-8AE6-9ADF66EDEF07}.Release|iPhoneSimulator.Build.0 = Release|Any CPU
		{A863D033-69BD-4018-8AE6-9ADF66EDEF07}.Release|iPhoneSimulator.Deploy.0 = Release|Any CPU
		{A863D033-69BD-4018-8AE6-9ADF66EDEF07}.Release|x64.ActiveCfg = Release|Any CPU
		{A863D033-69BD-4018-8AE6-9ADF66EDEF07}.Release|x64.Build.0 = Release|Any CPU
		{A863D033-69BD-4018-8AE6-9ADF66EDEF07}.Release|x64.Deploy.0 = Release|Any CPU
		{A863D033-69BD-4018-8AE6-9ADF66EDEF07}.Release|x86.ActiveCfg = Release|x86
		{A863D033-69BD-4018-8AE6-9ADF66EDEF07}.Release|x86.Build.0 = Release|x86
		{A863D033-69BD-4018-8AE6-9ADF66EDEF07}.Release|x86.Deploy.0 = Release|x86
		{EF24F520-0E1E-4ABD-B4A0-08EF5CFBE404}.Ad-Hoc|Any CPU.ActiveCfg = Release|Any CPU
		{EF24F520-0E1E-4ABD-B4A0-08EF5CFBE404}.Ad-Hoc|Any CPU.Build.0 = Release|Any CPU
		{EF24F520-0E1E-4ABD-B4A0-08EF5CFBE404}.Ad-Hoc|Any CPU.Deploy.0 = Release|Any CPU
		{EF24F520-0E1E-4ABD-B4A0-08EF5CFBE404}.Ad-Hoc|ARM.ActiveCfg = Release|ARM
		{EF24F520-0E1E-4ABD-B4A0-08EF5CFBE404}.Ad-Hoc|ARM.Build.0 = Release|ARM
		{EF24F520-0E1E-4ABD-B4A0-08EF5CFBE404}.Ad-Hoc|ARM.Deploy.0 = Release|ARM
		{EF24F520-0E1E-4ABD-B4A0-08EF5CFBE404}.Ad-Hoc|iPhone.ActiveCfg = Release|Any CPU
		{EF24F520-0E1E-4ABD-B4A0-08EF5CFBE404}.Ad-Hoc|iPhone.Build.0 = Release|Any CPU
		{EF24F520-0E1E-4ABD-B4A0-08EF5CFBE404}.Ad-Hoc|iPhone.Deploy.0 = Release|Any CPU
		{EF24F520-0E1E-4ABD-B4A0-08EF5CFBE404}.Ad-Hoc|iPhoneSimulator.ActiveCfg = Release|Any CPU
		{EF24F520-0E1E-4ABD-B4A0-08EF5CFBE404}.Ad-Hoc|iPhoneSimulator.Build.0 = Release|Any CPU
		{EF24F520-0E1E-4ABD-B4A0-08EF5CFBE404}.Ad-Hoc|iPhoneSimulator.Deploy.0 = Release|Any CPU
		{EF24F520-0E1E-4ABD-B4A0-08EF5CFBE404}.Ad-Hoc|x64.ActiveCfg = Release|x64
		{EF24F520-0E1E-4ABD-B4A0-08EF5CFBE404}.Ad-Hoc|x64.Build.0 = Release|x64
		{EF24F520-0E1E-4ABD-B4A0-08EF5CFBE404}.Ad-Hoc|x64.Deploy.0 = Release|x64
		{EF24F520-0E1E-4ABD-B4A0-08EF5CFBE404}.Ad-Hoc|x86.ActiveCfg = Release|x86
		{EF24F520-0E1E-4ABD-B4A0-08EF5CFBE404}.Ad-Hoc|x86.Build.0 = Release|x86
		{EF24F520-0E1E-4ABD-B4A0-08EF5CFBE404}.Ad-Hoc|x86.Deploy.0 = Release|x86
		{EF24F520-0E1E-4ABD-B4A0-08EF5CFBE404}.AppStore|Any CPU.ActiveCfg = Release|Any CPU
		{EF24F520-0E1E-4ABD-B4A0-08EF5CFBE404}.AppStore|Any CPU.Build.0 = Release|Any CPU
		{EF24F520-0E1E-4ABD-B4A0-08EF5CFBE404}.AppStore|Any CPU.Deploy.0 = Release|Any CPU
		{EF24F520-0E1E-4ABD-B4A0-08EF5CFBE404}.AppStore|ARM.ActiveCfg = Release|ARM
		{EF24F520-0E1E-4ABD-B4A0-08EF5CFBE404}.AppStore|ARM.Build.0 = Release|ARM
		{EF24F520-0E1E-4ABD-B4A0-08EF5CFBE404}.AppStore|ARM.Deploy.0 = Release|ARM
		{EF24F520-0E1E-4ABD-B4A0-08EF5CFBE404}.AppStore|iPhone.ActiveCfg = Release|Any CPU
		{EF24F520-0E1E-4ABD-B4A0-08EF5CFBE404}.AppStore|iPhone.Build.0 = Release|Any CPU
		{EF24F520-0E1E-4ABD-B4A0-08EF5CFBE404}.AppStore|iPhone.Deploy.0 = Release|Any CPU
		{EF24F520-0E1E-4ABD-B4A0-08EF5CFBE404}.AppStore|iPhoneSimulator.ActiveCfg = Release|Any CPU
		{EF24F520-0E1E-4ABD-B4A0-08EF5CFBE404}.AppStore|iPhoneSimulator.Build.0 = Release|Any CPU
		{EF24F520-0E1E-4ABD-B4A0-08EF5CFBE404}.AppStore|iPhoneSimulator.Deploy.0 = Release|Any CPU
		{EF24F520-0E1E-4ABD-B4A0-08EF5CFBE404}.AppStore|x64.ActiveCfg = Release|x64
		{EF24F520-0E1E-4ABD-B4A0-08EF5CFBE404}.AppStore|x64.Build.0 = Release|x64
		{EF24F520-0E1E-4ABD-B4A0-08EF5CFBE404}.AppStore|x64.Deploy.0 = Release|x64
		{EF24F520-0E1E-4ABD-B4A0-08EF5CFBE404}.AppStore|x86.ActiveCfg = Release|x86
		{EF24F520-0E1E-4ABD-B4A0-08EF5CFBE404}.AppStore|x86.Build.0 = Release|x86
		{EF24F520-0E1E-4ABD-B4A0-08EF5CFBE404}.AppStore|x86.Deploy.0 = Release|x86
		{EF24F520-0E1E-4ABD-B4A0-08EF5CFBE404}.Debug|Any CPU.ActiveCfg = Debug|Any CPU
		{EF24F520-0E1E-4ABD-B4A0-08EF5CFBE404}.Debug|Any CPU.Build.0 = Debug|Any CPU
		{EF24F520-0E1E-4ABD-B4A0-08EF5CFBE404}.Debug|Any CPU.Deploy.0 = Debug|Any CPU
		{EF24F520-0E1E-4ABD-B4A0-08EF5CFBE404}.Debug|ARM.ActiveCfg = Debug|ARM
		{EF24F520-0E1E-4ABD-B4A0-08EF5CFBE404}.Debug|ARM.Build.0 = Debug|ARM
		{EF24F520-0E1E-4ABD-B4A0-08EF5CFBE404}.Debug|ARM.Deploy.0 = Debug|ARM
		{EF24F520-0E1E-4ABD-B4A0-08EF5CFBE404}.Debug|iPhone.ActiveCfg = Debug|Any CPU
		{EF24F520-0E1E-4ABD-B4A0-08EF5CFBE404}.Debug|iPhone.Build.0 = Debug|Any CPU
		{EF24F520-0E1E-4ABD-B4A0-08EF5CFBE404}.Debug|iPhone.Deploy.0 = Debug|Any CPU
		{EF24F520-0E1E-4ABD-B4A0-08EF5CFBE404}.Debug|iPhoneSimulator.ActiveCfg = Debug|Any CPU
		{EF24F520-0E1E-4ABD-B4A0-08EF5CFBE404}.Debug|iPhoneSimulator.Build.0 = Debug|Any CPU
		{EF24F520-0E1E-4ABD-B4A0-08EF5CFBE404}.Debug|iPhoneSimulator.Deploy.0 = Debug|Any CPU
		{EF24F520-0E1E-4ABD-B4A0-08EF5CFBE404}.Debug|x64.ActiveCfg = Debug|x64
		{EF24F520-0E1E-4ABD-B4A0-08EF5CFBE404}.Debug|x64.Build.0 = Debug|x64
		{EF24F520-0E1E-4ABD-B4A0-08EF5CFBE404}.Debug|x64.Deploy.0 = Debug|x64
		{EF24F520-0E1E-4ABD-B4A0-08EF5CFBE404}.Debug|x86.ActiveCfg = Debug|x86
		{EF24F520-0E1E-4ABD-B4A0-08EF5CFBE404}.Debug|x86.Build.0 = Debug|x86
		{EF24F520-0E1E-4ABD-B4A0-08EF5CFBE404}.Debug|x86.Deploy.0 = Debug|x86
		{EF24F520-0E1E-4ABD-B4A0-08EF5CFBE404}.Release|Any CPU.ActiveCfg = Release|Any CPU
		{EF24F520-0E1E-4ABD-B4A0-08EF5CFBE404}.Release|Any CPU.Build.0 = Release|Any CPU
		{EF24F520-0E1E-4ABD-B4A0-08EF5CFBE404}.Release|Any CPU.Deploy.0 = Release|Any CPU
		{EF24F520-0E1E-4ABD-B4A0-08EF5CFBE404}.Release|ARM.ActiveCfg = Release|ARM
		{EF24F520-0E1E-4ABD-B4A0-08EF5CFBE404}.Release|ARM.Build.0 = Release|ARM
		{EF24F520-0E1E-4ABD-B4A0-08EF5CFBE404}.Release|ARM.Deploy.0 = Release|ARM
		{EF24F520-0E1E-4ABD-B4A0-08EF5CFBE404}.Release|iPhone.ActiveCfg = Release|Any CPU
		{EF24F520-0E1E-4ABD-B4A0-08EF5CFBE404}.Release|iPhone.Build.0 = Release|Any CPU
		{EF24F520-0E1E-4ABD-B4A0-08EF5CFBE404}.Release|iPhone.Deploy.0 = Release|Any CPU
		{EF24F520-0E1E-4ABD-B4A0-08EF5CFBE404}.Release|iPhoneSimulator.ActiveCfg = Release|Any CPU
		{EF24F520-0E1E-4ABD-B4A0-08EF5CFBE404}.Release|iPhoneSimulator.Build.0 = Release|Any CPU
		{EF24F520-0E1E-4ABD-B4A0-08EF5CFBE404}.Release|iPhoneSimulator.Deploy.0 = Release|Any CPU
		{EF24F520-0E1E-4ABD-B4A0-08EF5CFBE404}.Release|x64.ActiveCfg = Release|x64
		{EF24F520-0E1E-4ABD-B4A0-08EF5CFBE404}.Release|x64.Build.0 = Release|x64
		{EF24F520-0E1E-4ABD-B4A0-08EF5CFBE404}.Release|x64.Deploy.0 = Release|x64
		{EF24F520-0E1E-4ABD-B4A0-08EF5CFBE404}.Release|x86.ActiveCfg = Release|x86
		{EF24F520-0E1E-4ABD-B4A0-08EF5CFBE404}.Release|x86.Build.0 = Release|x86
		{EF24F520-0E1E-4ABD-B4A0-08EF5CFBE404}.Release|x86.Deploy.0 = Release|x86
	EndGlobalSection
	GlobalSection(SolutionProperties) = preSolution
		HideSolutionNode = FALSE
	EndGlobalSection
EndGlobal
